<?xml version="1.0" encoding="utf-8"?>
<Project ToolsVersion="4.0" xmlns="http://schemas.microsoft.com/developer/msbuild/2003">
  <ItemGroup>
    <Filter Include="G72x">
      <UniqueIdentifier>{66f9eb99-079d-477c-a57f-3ac2cfe8c041}</UniqueIdentifier>
    </Filter>
    <Filter Include="GSM610">
      <UniqueIdentifier>{1d83ef9c-a705-4491-96f2-fa1071fd1111}</UniqueIdentifier>
    </Filter>
  </ItemGroup>
  <ItemGroup>
    <ClCompile Include="..\..\src\G72x\g721.c">
      <Filter>G72x</Filter>
    </ClCompile>
    <ClCompile Include="..\..\src\G72x\g723_16.c">
      <Filter>G72x</Filter>
    </ClCompile>
    <ClCompile Include="..\..\src\G72x\g723_24.c">
      <Filter>G72x</Filter>
    </ClCompile>
    <ClCompile Include="..\..\src\G72x\g723_40.c">
      <Filter>G72x</Filter>
    </ClCompile>
    <ClCompile Include="..\..\src\G72x\g72x.c">
      <Filter>G72x</Filter>
    </ClCompile>
    <ClCompile Include="..\..\src\GSM610\add.c">
      <Filter>GSM610</Filter>
    </ClCompile>
    <ClCompile Include="..\..\src\GSM610\code.c">
      <Filter>GSM610</Filter>
    </ClCompile>
    <ClCompile Include="..\..\src\GSM610\decode.c">
      <Filter>GSM610</Filter>
    </ClCompile>
    <ClCompile Include="..\..\src\GSM610\gsm_create.c">
      <Filter>GSM610</Filter>
    </ClCompile>
    <ClCompile Include="..\..\src\GSM610\gsm_decode.c">
      <Filter>GSM610</Filter>
    </ClCompile>
    <ClCompile Include="..\..\src\GSM610\gsm_destroy.c">
      <Filter>GSM610</Filter>
    </ClCompile>
    <ClCompile Include="..\..\src\GSM610\gsm_encode.c">
      <Filter>GSM610</Filter>
    </ClCompile>
    <ClCompile Include="..\..\src\GSM610\gsm_option.c">
      <Filter>GSM610</Filter>
    </ClCompile>
    <ClCompile Include="..\..\src\GSM610\long_term.c">
      <Filter>GSM610</Filter>
    </ClCompile>
    <ClCompile Include="..\..\src\GSM610\lpc.c">
      <Filter>GSM610</Filter>
    </ClCompile>
    <ClCompile Include="..\..\src\GSM610\preprocess.c">
      <Filter>GSM610</Filter>
    </ClCompile>
    <ClCompile Include="..\..\src\GSM610\rpe.c">
      <Filter>GSM610</Filter>
    </ClCompile>
    <ClCompile Include="..\..\src\GSM610\short_term.c">
      <Filter>GSM610</Filter>
    </ClCompile>
    <ClCompile Include="..\..\src\GSM610\table.c">
      <Filter>GSM610</Filter>
    </ClCompile>
    <ClCompile Include="..\..\src\aiff.c" />
    <ClCompile Include="..\..\src\alaw.c" />
    <ClCompile Include="..\..\src\au.c" />
    <ClCompile Include="..\..\src\au_g72x.c" />
    <ClCompile Include="..\..\src\common.c" />
    <ClCompile Include="..\..\src\float32.c" />
    <ClCompile Include="..\..\src\ircam.c" />
    <ClCompile Include="..\..\src\nist.c" />
    <ClCompile Include="..\..\src\paf.c" />
    <ClCompile Include="..\..\src\pcm.c" />
    <ClCompile Include="..\..\src\raw.c" />
    <ClCompile Include="..\..\src\samplitude.c" />
    <ClCompile Include="..\..\src\sndfile.c" />
    <ClCompile Include="..\..\src\svx.c" />
    <ClCompile Include="..\..\src\ulaw.c" />
    <ClCompile Include="..\..\src\voc.c" />
    <ClCompile Include="..\..\src\wav.c" />
    <ClCompile Include="..\..\src\wav_gsm610.c" />
    <ClCompile Include="..\..\src\wav_ima_adpcm.c" />
    <ClCompile Include="..\..\src\wav_ms_adpcm.c" />
  </ItemGroup>
  <ItemGroup>
    <ClInclude Include="..\..\src\G72x\g72x.h">
      <Filter>G72x</Filter>
    </ClInclude>
    <ClInclude Include="..\..\src\G72x\private.h">
      <Filter>G72x</Filter>
    </ClInclude>
    <ClInclude Include="..\..\src\GSM610\config.h">
      <Filter>GSM610</Filter>
    </ClInclude>
    <ClInclude Include="..\..\src\GSM610\gsm.h">
      <Filter>GSM610</Filter>
    </ClInclude>
    <ClInclude Include="..\..\src\GSM610\private.h">
      <Filter>GSM610</Filter>
    </ClInclude>
    <ClInclude Include="..\..\src\GSM610\proto.h">
      <Filter>GSM610</Filter>
    </ClInclude>
    <ClInclude Include="..\..\src\GSM610\unproto.h">
      <Filter>GSM610</Filter>
    </ClInclude>
    <ClInclude Include="..\..\src\au.h" />
    <ClInclude Include="..\..\src\common.h" />
    <ClInclude Include="..\..\src\floatcast.h" />
    <ClInclude Include="..\..\src\sfendian.h" />
    <ClInclude Include="..\..\src\sndfile.h" />
    <ClInclude Include="..\..\src\wav.h" />
  </ItemGroup>
</Project>